
Microsoft Visual Studio Solution File, Format Version 12.00
# Visual Studio Version 17
VisualStudioVersion = 17.8.34525.116
MinimumVisualStudioVersion = 10.0.40219.1
Project("{9A19103F-16F7-4668-BE54-9A1E7A4F7556}") = "DynaShape", "DynaShape\DynaShape.csproj", "{F237643F-9F49-46EF-88A0-96592B6F5FBC}"
EndProject
Project("{9A19103F-16F7-4668-BE54-9A1E7A4F7556}") = "DynaSpace", "DynaSpace\DynaSpace.csproj", "{E6BB3E64-EC86-4810-A79C-501BAB0A120E}"
EndProject
Global
	GlobalSection(SolutionConfigurationPlatforms) = preSolution
		Debug|x64 = Debug|x64
		Release|x64 = Release|x64
	EndGlobalSection
	GlobalSection(ProjectConfigurationPlatforms) = postSolution
		{F237643F-9F49-46EF-88A0-96592B6F5FBC}.Debug|x64.ActiveCfg = Debug|x64
		{F237643F-9F49-46EF-88A0-96592B6F5FBC}.Debug|x64.Build.0 = Debug|x64
		{F237643F-9F49-46EF-88A0-96592B6F5FBC}.Release|x64.ActiveCfg = Release|x64
		{F237643F-9F49-46EF-88A0-96592B6F5FBC}.Release|x64.Build.0 = Release|x64
		{E6BB3E64-EC86-4810-A79C-501BAB0A120E}.Debug|x64.ActiveCfg = Debug|x64
		{E6BB3E64-EC86-4810-A79C-501BAB0A120E}.Debug|x64.Build.0 = Debug|x64
		{E6BB3E64-EC86-4810-A79C-501BAB0A120E}.Release|x64.ActiveCfg = Release|x64
		{E6BB3E64-EC86-4810-A79C-501BAB0A120E}.Release|x64.Build.0 = Release|x64
	EndGlobalSection
	GlobalSection(SolutionProperties) = preSolution
		HideSolutionNode = FALSE
	EndGlobalSection
	GlobalSection(ExtensibilityGlobals) = postSolution
		SolutionGuid = {39358135-2593-4093-9136-903105395541}
	EndGlobalSection
EndGlobal
